// !$*UTF8*$!
{
	archiveVersion = 1;
	classes = {
	};
	objectVersion = 50;
	objects = {

/* Begin PBXBuildFile section */
		A400A24D2505EAE3009BF9EE /* JohnsonEndViewController.swift in Sources */ = {isa = PBXBuildFile; fileRef = A400A24C2505EAE3009BF9EE /* JohnsonEndViewController.swift */; };
		A400A2532505F21B009BF9EE /* PLEASEWORKViewController.swift in Sources */ = {isa = PBXBuildFile; fileRef = A400A2522505F21B009BF9EE /* PLEASEWORKViewController.swift */; };
		A400A2552505F43A009BF9EE /* JohnsonSchoolViewController.swift in Sources */ = {isa = PBXBuildFile; fileRef = A400A2542505F439009BF9EE /* JohnsonSchoolViewController.swift */; };
		A400A25725060090009BF9EE /* DELETE THIS PLEASE in Resources */ = {isa = PBXBuildFile; fileRef = A400A25625060090009BF9EE /* DELETE THIS PLEASE */; };
		A41DD2DA2505522C00876023 /* JohnsonBeginViewController.swift in Sources */ = {isa = PBXBuildFile; fileRef = A41DD2D92505522C00876023 /* JohnsonBeginViewController.swift */; };
		A41DD2E12505573600876023 /* SilomBol.ttf in Resources */ = {isa = PBXBuildFile; fileRef = A41DD2E02505573600876023 /* SilomBol.ttf */; };
		A41DD2E22505573600876023 /* SilomBol.ttf in Resources */ = {isa = PBXBuildFile; fileRef = A41DD2E02505573600876023 /* SilomBol.ttf */; };
		A41DD2E32505573600876023 /* SilomBol.ttf in Resources */ = {isa = PBXBuildFile; fileRef = A41DD2E02505573600876023 /* SilomBol.ttf */; };
		A41DD2E52505573C00876023 /* ice_pixel-7.ttf in Resources */ = {isa = PBXBuildFile; fileRef = A41DD2E42505573B00876023 /* ice_pixel-7.ttf */; };
		A41DD2E62505573C00876023 /* ice_pixel-7.ttf in Resources */ = {isa = PBXBuildFile; fileRef = A41DD2E42505573B00876023 /* ice_pixel-7.ttf */; };
		A41DD2E72505573C00876023 /* ice_pixel-7.ttf in Resources */ = {isa = PBXBuildFile; fileRef = A41DD2E42505573B00876023 /* ice_pixel-7.ttf */; };
		A45A9CF525042DA5001C57FE /* Constants.swift in Sources */ = {isa = PBXBuildFile; fileRef = A45A9CF425042DA5001C57FE /* Constants.swift */; };
		A48E9D2A25042AFE00C73AA2 /* UIView+Extension.swift in Sources */ = {isa = PBXBuildFile; fileRef = A48E9D2925042AFE00C73AA2 /* UIView+Extension.swift */; };
		A49B99F92505B17B00089762 /* KitchenJohnsonViewController.swift in Sources */ = {isa = PBXBuildFile; fileRef = A49B99F82505B17B00089762 /* KitchenJohnsonViewController.swift */; };
		A49B99FB2505B6F400089762 /* JohnsonKitchenWrongViewController.swift in Sources */ = {isa = PBXBuildFile; fileRef = A49B99FA2505B6F400089762 /* JohnsonKitchenWrongViewController.swift */; };
		A49B99FF2505BA8C00089762 /* JohnsonSchoolViewController.swift in Sources */ = {isa = PBXBuildFile; fileRef = A49B99FE2505BA8C00089762 /* JohnsonSchoolViewController.swift */; };
		A49B9A012505BEA000089762 /* JohnsonSchoolWrongViewController.swift in Sources */ = {isa = PBXBuildFile; fileRef = A49B9A002505BEA000089762 /* JohnsonSchoolWrongViewController.swift */; };
		A49B9A032505C1E100089762 /* JohnsonHomeworkViewController.swift in Sources */ = {isa = PBXBuildFile; fileRef = A49B9A022505C1E100089762 /* JohnsonHomeworkViewController.swift */; };
		A49B9A052505C65000089762 /* JohnsonTiredViewController.swift in Sources */ = {isa = PBXBuildFile; fileRef = A49B9A042505C65000089762 /* JohnsonTiredViewController.swift */; };
		A49B9A072505C89A00089762 /* JohnsonTIredWrongViewController.swift in Sources */ = {isa = PBXBuildFile; fileRef = A49B9A062505C89A00089762 /* JohnsonTIredWrongViewController.swift */; };
		A49B9A092505CA3700089762 /* JohnsonDInnerViewController.swift in Sources */ = {isa = PBXBuildFile; fileRef = A49B9A082505CA3700089762 /* JohnsonDInnerViewController.swift */; };
		A49B9A0B2505CCDA00089762 /* JohnsonDinnerWrongViewController.swift in Sources */ = {isa = PBXBuildFile; fileRef = A49B9A0A2505CCDA00089762 /* JohnsonDinnerWrongViewController.swift */; };
		A49B9A0D2505CE4D00089762 /* JohnsonReadyBedViewController.swift in Sources */ = {isa = PBXBuildFile; fileRef = A49B9A0C2505CE4D00089762 /* JohnsonReadyBedViewController.swift */; };
		A49B9A0F2505CF7600089762 /* BedWrongViewController.swift in Sources */ = {isa = PBXBuildFile; fileRef = A49B9A0E2505CF7600089762 /* BedWrongViewController.swift */; };
		A4B01E742504274200B9B2EA /* AppDelegate.swift in Sources */ = {isa = PBXBuildFile; fileRef = A4B01E732504274200B9B2EA /* AppDelegate.swift */; };
		A4B01E762504274200B9B2EA /* SceneDelegate.swift in Sources */ = {isa = PBXBuildFile; fileRef = A4B01E752504274200B9B2EA /* SceneDelegate.swift */; };
		A4B01E782504274200B9B2EA /* ViewController.swift in Sources */ = {isa = PBXBuildFile; fileRef = A4B01E772504274200B9B2EA /* ViewController.swift */; };
		A4B01E7E2504274200B9B2EA /* BREAKDOWN.xcdatamodeld in Sources */ = {isa = PBXBuildFile; fileRef = A4B01E7C2504274200B9B2EA /* BREAKDOWN.xcdatamodeld */; };
		A4B01E802504274300B9B2EA /* Assets.xcassets in Resources */ = {isa = PBXBuildFile; fileRef = A4B01E7F2504274300B9B2EA /* Assets.xcassets */; };
		A4B01E832504274300B9B2EA /* LaunchScreen.storyboard in Resources */ = {isa = PBXBuildFile; fileRef = A4B01E812504274300B9B2EA /* LaunchScreen.storyboard */; };
		A4B01E8E2504274300B9B2EA /* BREAKDOWNTests.swift in Sources */ = {isa = PBXBuildFile; fileRef = A4B01E8D2504274300B9B2EA /* BREAKDOWNTests.swift */; };
		A4B01E992504274300B9B2EA /* BREAKDOWNUITests.swift in Sources */ = {isa = PBXBuildFile; fileRef = A4B01E982504274300B9B2EA /* BREAKDOWNUITests.swift */; };
		A4ED1969250432C60052AD29 /* StorySlide1ViewController.swift in Sources */ = {isa = PBXBuildFile; fileRef = A4ED1968250432C60052AD29 /* StorySlide1ViewController.swift */; };
		A4ED196B25044D480052AD29 /* ResourcesViewController.swift in Sources */ = {isa = PBXBuildFile; fileRef = A4ED196A25044D480052AD29 /* ResourcesViewController.swift */; };
		A4ED196D25044D570052AD29 /* AboutUsViewController.swift in Sources */ = {isa = PBXBuildFile; fileRef = A4ED196C25044D570052AD29 /* AboutUsViewController.swift */; };
		A4ED1971250470D60052AD29 /* JohnsonNameViewController.swift in Sources */ = {isa = PBXBuildFile; fileRef = A4ED1970250470D60052AD29 /* JohnsonNameViewController.swift */; };
		A4ED197B25047D410052AD29 /* Main.storyboard in Resources */ = {isa = PBXBuildFile; fileRef = A4ED197925047D410052AD29 /* Main.storyboard */; };
		A4ED197F2504822A0052AD29 /* JohnsonIntroViewController.swift in Sources */ = {isa = PBXBuildFile; fileRef = A4ED197E2504822A0052AD29 /* JohnsonIntroViewController.swift */; };
/* End PBXBuildFile section */

/* Begin PBXContainerItemProxy section */
		A4B01E8A2504274300B9B2EA /* PBXContainerItemProxy */ = {
			isa = PBXContainerItemProxy;
			containerPortal = A4B01E682504274200B9B2EA /* Project object */;
			proxyType = 1;
			remoteGlobalIDString = A4B01E6F2504274200B9B2EA;
			remoteInfo = BREAKDOWN;
		};
		A4B01E952504274300B9B2EA /* PBXContainerItemProxy */ = {
			isa = PBXContainerItemProxy;
			containerPortal = A4B01E682504274200B9B2EA /* Project object */;
			proxyType = 1;
			remoteGlobalIDString = A4B01E6F2504274200B9B2EA;
			remoteInfo = BREAKDOWN;
		};
/* End PBXContainerItemProxy section */

/* Begin PBXFileReference section */
		A400A24C2505EAE3009BF9EE /* JohnsonEndViewController.swift */ = {isa = PBXFileReference; lastKnownFileType = sourcecode.swift; path = JohnsonEndViewController.swift; sourceTree = "<group>"; };
		A400A2522505F21B009BF9EE /* PLEASEWORKViewController.swift */ = {isa = PBXFileReference; lastKnownFileType = sourcecode.swift; path = PLEASEWORKViewController.swift; sourceTree = "<group>"; };
		A400A2542505F439009BF9EE /* JohnsonSchoolViewController.swift */ = {isa = PBXFileReference; fileEncoding = 4; lastKnownFileType = sourcecode.swift; path = JohnsonSchoolViewController.swift; sourceTree = "<group>"; };
		A400A25625060090009BF9EE /* DELETE THIS PLEASE */ = {isa = PBXFileReference; lastKnownFileType = text; name = "DELETE THIS PLEASE"; path = "../../../../AppIcons (1) 2/DELETE THIS PLEASE"; sourceTree = "<group>"; };
		A41DD2D92505522C00876023 /* JohnsonBeginViewController.swift */ = {isa = PBXFileReference; lastKnownFileType = sourcecode.swift; path = JohnsonBeginViewController.swift; sourceTree = "<group>"; };
		A41DD2E02505573600876023 /* SilomBol.ttf */ = {isa = PBXFileReference; lastKnownFileType = file; path = SilomBol.ttf; sourceTree = "<group>"; };
		A41DD2E42505573B00876023 /* ice_pixel-7.ttf */ = {isa = PBXFileReference; lastKnownFileType = file; path = "ice_pixel-7.ttf"; sourceTree = "<group>"; };
		A45A9CF425042DA5001C57FE /* Constants.swift */ = {isa = PBXFileReference; lastKnownFileType = sourcecode.swift; path = Constants.swift; sourceTree = "<group>"; };
		A48E9D2925042AFE00C73AA2 /* UIView+Extension.swift */ = {isa = PBXFileReference; lastKnownFileType = sourcecode.swift; path = "UIView+Extension.swift"; sourceTree = "<group>"; };
		A49B99F82505B17B00089762 /* KitchenJohnsonViewController.swift */ = {isa = PBXFileReference; lastKnownFileType = sourcecode.swift; path = KitchenJohnsonViewController.swift; sourceTree = "<group>"; };
		A49B99FA2505B6F400089762 /* JohnsonKitchenWrongViewController.swift */ = {isa = PBXFileReference; lastKnownFileType = sourcecode.swift; path = JohnsonKitchenWrongViewController.swift; sourceTree = "<group>"; };
		A49B99FE2505BA8C00089762 /* JohnsonSchoolViewController.swift */ = {isa = PBXFileReference; lastKnownFileType = sourcecode.swift; path = JohnsonSchoolViewController.swift; sourceTree = "<group>"; };
		A49B9A002505BEA000089762 /* JohnsonSchoolWrongViewController.swift */ = {isa = PBXFileReference; lastKnownFileType = sourcecode.swift; path = JohnsonSchoolWrongViewController.swift; sourceTree = "<group>"; };
		A49B9A022505C1E100089762 /* JohnsonHomeworkViewController.swift */ = {isa = PBXFileReference; lastKnownFileType = sourcecode.swift; path = JohnsonHomeworkViewController.swift; sourceTree = "<group>"; };
		A49B9A042505C65000089762 /* JohnsonTiredViewController.swift */ = {isa = PBXFileReference; lastKnownFileType = sourcecode.swift; path = JohnsonTiredViewController.swift; sourceTree = "<group>"; };
		A49B9A062505C89A00089762 /* JohnsonTIredWrongViewController.swift */ = {isa = PBXFileReference; lastKnownFileType = sourcecode.swift; path = JohnsonTIredWrongViewController.swift; sourceTree = "<group>"; };
		A49B9A082505CA3700089762 /* JohnsonDInnerViewController.swift */ = {isa = PBXFileReference; lastKnownFileType = sourcecode.swift; path = JohnsonDInnerViewController.swift; sourceTree = "<group>"; };
		A49B9A0A2505CCDA00089762 /* JohnsonDinnerWrongViewController.swift */ = {isa = PBXFileReference; lastKnownFileType = sourcecode.swift; path = JohnsonDinnerWrongViewController.swift; sourceTree = "<group>"; };
		A49B9A0C2505CE4D00089762 /* JohnsonReadyBedViewController.swift */ = {isa = PBXFileReference; lastKnownFileType = sourcecode.swift; path = JohnsonReadyBedViewController.swift; sourceTree = "<group>"; };
		A49B9A0E2505CF7600089762 /* BedWrongViewController.swift */ = {isa = PBXFileReference; lastKnownFileType = sourcecode.swift; path = BedWrongViewController.swift; sourceTree = "<group>"; };
		A4B01E702504274200B9B2EA /* BREAKDOWN.app */ = {isa = PBXFileReference; explicitFileType = wrapper.application; includeInIndex = 0; path = BREAKDOWN.app; sourceTree = BUILT_PRODUCTS_DIR; };
		A4B01E732504274200B9B2EA /* AppDelegate.swift */ = {isa = PBXFileReference; lastKnownFileType = sourcecode.swift; path = AppDelegate.swift; sourceTree = "<group>"; };
		A4B01E752504274200B9B2EA /* SceneDelegate.swift */ = {isa = PBXFileReference; lastKnownFileType = sourcecode.swift; path = SceneDelegate.swift; sourceTree = "<group>"; };
		A4B01E772504274200B9B2EA /* ViewController.swift */ = {isa = PBXFileReference; lastKnownFileType = sourcecode.swift; path = ViewController.swift; sourceTree = "<group>"; };
		A4B01E7D2504274200B9B2EA /* BREAKDOWN.xcdatamodel */ = {isa = PBXFileReference; lastKnownFileType = wrapper.xcdatamodel; path = BREAKDOWN.xcdatamodel; sourceTree = "<group>"; };
		A4B01E7F2504274300B9B2EA /* Assets.xcassets */ = {isa = PBXFileReference; lastKnownFileType = folder.assetcatalog; path = Assets.xcassets; sourceTree = "<group>"; };
		A4B01E822504274300B9B2EA /* Base */ = {isa = PBXFileReference; lastKnownFileType = file.storyboard; name = Base; path = Base.lproj/LaunchScreen.storyboard; sourceTree = "<group>"; };
		A4B01E842504274300B9B2EA /* Info.plist */ = {isa = PBXFileReference; lastKnownFileType = text.plist.xml; path = Info.plist; sourceTree = "<group>"; };
		A4B01E892504274300B9B2EA /* BREAKDOWNTests.xctest */ = {isa = PBXFileReference; explicitFileType = wrapper.cfbundle; includeInIndex = 0; path = BREAKDOWNTests.xctest; sourceTree = BUILT_PRODUCTS_DIR; };
		A4B01E8D2504274300B9B2EA /* BREAKDOWNTests.swift */ = {isa = PBXFileReference; lastKnownFileType = sourcecode.swift; path = BREAKDOWNTests.swift; sourceTree = "<group>"; };
		A4B01E8F2504274300B9B2EA /* Info.plist */ = {isa = PBXFileReference; lastKnownFileType = text.plist.xml; path = Info.plist; sourceTree = "<group>"; };
		A4B01E942504274300B9B2EA /* BREAKDOWNUITests.xctest */ = {isa = PBXFileReference; explicitFileType = wrapper.cfbundle; includeInIndex = 0; path = BREAKDOWNUITests.xctest; sourceTree = BUILT_PRODUCTS_DIR; };
		A4B01E982504274300B9B2EA /* BREAKDOWNUITests.swift */ = {isa = PBXFileReference; lastKnownFileType = sourcecode.swift; path = BREAKDOWNUITests.swift; sourceTree = "<group>"; };
		A4B01E9A2504274300B9B2EA /* Info.plist */ = {isa = PBXFileReference; lastKnownFileType = text.plist.xml; path = Info.plist; sourceTree = "<group>"; };
		A4ED1968250432C60052AD29 /* StorySlide1ViewController.swift */ = {isa = PBXFileReference; lastKnownFileType = sourcecode.swift; path = StorySlide1ViewController.swift; sourceTree = "<group>"; };
		A4ED196A25044D480052AD29 /* ResourcesViewController.swift */ = {isa = PBXFileReference; lastKnownFileType = sourcecode.swift; path = ResourcesViewController.swift; sourceTree = "<group>"; };
		A4ED196C25044D570052AD29 /* AboutUsViewController.swift */ = {isa = PBXFileReference; lastKnownFileType = sourcecode.swift; path = AboutUsViewController.swift; sourceTree = "<group>"; };
		A4ED1970250470D60052AD29 /* JohnsonNameViewController.swift */ = {isa = PBXFileReference; lastKnownFileType = sourcecode.swift; path = JohnsonNameViewController.swift; sourceTree = "<group>"; };
		A4ED197A25047D410052AD29 /* Base */ = {isa = PBXFileReference; lastKnownFileType = file.storyboard; name = Base; path = Base.lproj/Main.storyboard; sourceTree = "<group>"; };
		A4ED197E2504822A0052AD29 /* JohnsonIntroViewController.swift */ = {isa = PBXFileReference; lastKnownFileType = sourcecode.swift; path = JohnsonIntroViewController.swift; sourceTree = "<group>"; };
/* End PBXFileReference section */

/* Begin PBXFrameworksBuildPhase section */
		A4B01E6D2504274200B9B2EA /* Frameworks */ = {
			isa = PBXFrameworksBuildPhase;
			buildActionMask = 2147483647;
			files = (
			);
			runOnlyForDeploymentPostprocessing = 0;
		};
		A4B01E862504274300B9B2EA /* Frameworks */ = {
			isa = PBXFrameworksBuildPhase;
			buildActionMask = 2147483647;
			files = (
			);
			runOnlyForDeploymentPostprocessing = 0;
		};
		A4B01E912504274300B9B2EA /* Frameworks */ = {
			isa = PBXFrameworksBuildPhase;
			buildActionMask = 2147483647;
			files = (
			);
			runOnlyForDeploymentPostprocessing = 0;
		};
/* End PBXFrameworksBuildPhase section */

/* Begin PBXGroup section */
		A41DD2DB2505560900876023 /* Fonts */ = {
			isa = PBXGroup;
			children = (
				A41DD2E02505573600876023 /* SilomBol.ttf */,
				A41DD2E42505573B00876023 /* ice_pixel-7.ttf */,
			);
			path = Fonts;
			sourceTree = "<group>";
		};
		A4B01E672504274200B9B2EA = {
			isa = PBXGroup;
			children = (
				A400A2522505F21B009BF9EE /* PLEASEWORKViewController.swift */,
				A41DD2DB2505560900876023 /* Fonts */,
				A4B01E722504274200B9B2EA /* BREAKDOWN */,
				A4B01E8C2504274300B9B2EA /* BREAKDOWNTests */,
				A4B01E972504274300B9B2EA /* BREAKDOWNUITests */,
				A4B01E712504274200B9B2EA /* Products */,
			);
			sourceTree = "<group>";
		};
		A4B01E712504274200B9B2EA /* Products */ = {
			isa = PBXGroup;
			children = (
				A4B01E702504274200B9B2EA /* BREAKDOWN.app */,
				A4B01E892504274300B9B2EA /* BREAKDOWNTests.xctest */,
				A4B01E942504274300B9B2EA /* BREAKDOWNUITests.xctest */,
			);
			name = Products;
			sourceTree = "<group>";
		};
		A4B01E722504274200B9B2EA /* BREAKDOWN */ = {
			isa = PBXGroup;
			children = (
				A4B01E732504274200B9B2EA /* AppDelegate.swift */,
				A49B99FE2505BA8C00089762 /* JohnsonSchoolViewController.swift */,
				A45A9CF425042DA5001C57FE /* Constants.swift */,
				A4B01E752504274200B9B2EA /* SceneDelegate.swift */,
				A4B01E772504274200B9B2EA /* ViewController.swift */,
				A4ED1970250470D60052AD29 /* JohnsonNameViewController.swift */,
				A4ED196A25044D480052AD29 /* ResourcesViewController.swift */,
				A400A2542505F439009BF9EE /* JohnsonSchoolViewController.swift */,
				A4ED197925047D410052AD29 /* Main.storyboard */,
				A400A24C2505EAE3009BF9EE /* JohnsonEndViewController.swift */,
				A49B9A0E2505CF7600089762 /* BedWrongViewController.swift */,
				A49B9A0C2505CE4D00089762 /* JohnsonReadyBedViewController.swift */,
				A49B9A0A2505CCDA00089762 /* JohnsonDinnerWrongViewController.swift */,
				A49B9A082505CA3700089762 /* JohnsonDInnerViewController.swift */,
				A49B9A062505C89A00089762 /* JohnsonTIredWrongViewController.swift */,
				A49B9A042505C65000089762 /* JohnsonTiredViewController.swift */,
				A49B9A022505C1E100089762 /* JohnsonHomeworkViewController.swift */,
				A49B9A002505BEA000089762 /* JohnsonSchoolWrongViewController.swift */,
				A49B99FA2505B6F400089762 /* JohnsonKitchenWrongViewController.swift */,
				A49B99F82505B17B00089762 /* KitchenJohnsonViewController.swift */,
				A41DD2D92505522C00876023 /* JohnsonBeginViewController.swift */,
				A4ED197E2504822A0052AD29 /* JohnsonIntroViewController.swift */,
				A4ED196C25044D570052AD29 /* AboutUsViewController.swift */,
				A4ED1968250432C60052AD29 /* StorySlide1ViewController.swift */,
				A48E9D2925042AFE00C73AA2 /* UIView+Extension.swift */,
				A4B01E7F2504274300B9B2EA /* Assets.xcassets */,
				A400A25625060090009BF9EE /* DELETE THIS PLEASE */,
				A4B01E812504274300B9B2EA /* LaunchScreen.storyboard */,
				A4B01E842504274300B9B2EA /* Info.plist */,
				A4B01E7C2504274200B9B2EA /* BREAKDOWN.xcdatamodeld */,
			);
			path = BREAKDOWN;
			sourceTree = "<group>";
		};
		A4B01E8C2504274300B9B2EA /* BREAKDOWNTests */ = {
			isa = PBXGroup;
			children = (
				A4B01E8D2504274300B9B2EA /* BREAKDOWNTests.swift */,
				A4B01E8F2504274300B9B2EA /* Info.plist */,
			);
			path = BREAKDOWNTests;
			sourceTree = "<group>";
		};
		A4B01E972504274300B9B2EA /* BREAKDOWNUITests */ = {
			isa = PBXGroup;
			children = (
				A4B01E982504274300B9B2EA /* BREAKDOWNUITests.swift */,
				A4B01E9A2504274300B9B2EA /* Info.plist */,
			);
			path = BREAKDOWNUITests;
			sourceTree = "<group>";
		};
/* End PBXGroup section */

/* Begin PBXNativeTarget section */
		A4B01E6F2504274200B9B2EA /* BREAKDOWN */ = {
			isa = PBXNativeTarget;
			buildConfigurationList = A4B01E9D2504274300B9B2EA /* Build configuration list for PBXNativeTarget "BREAKDOWN" */;
			buildPhases = (
				A4B01E6C2504274200B9B2EA /* Sources */,
				A4B01E6D2504274200B9B2EA /* Frameworks */,
				A4B01E6E2504274200B9B2EA /* Resources */,
			);
			buildRules = (
			);
			dependencies = (
			);
			name = BREAKDOWN;
			productName = BREAKDOWN;
			productReference = A4B01E702504274200B9B2EA /* BREAKDOWN.app */;
			productType = "com.apple.product-type.application";
		};
		A4B01E882504274300B9B2EA /* BREAKDOWNTests */ = {
			isa = PBXNativeTarget;
			buildConfigurationList = A4B01EA02504274300B9B2EA /* Build configuration list for PBXNativeTarget "BREAKDOWNTests" */;
			buildPhases = (
				A4B01E852504274300B9B2EA /* Sources */,
				A4B01E862504274300B9B2EA /* Frameworks */,
				A4B01E872504274300B9B2EA /* Resources */,
			);
			buildRules = (
			);
			dependencies = (
				A4B01E8B2504274300B9B2EA /* PBXTargetDependency */,
			);
			name = BREAKDOWNTests;
			productName = BREAKDOWNTests;
			productReference = A4B01E892504274300B9B2EA /* BREAKDOWNTests.xctest */;
			productType = "com.apple.product-type.bundle.unit-test";
		};
		A4B01E932504274300B9B2EA /* BREAKDOWNUITests */ = {
			isa = PBXNativeTarget;
			buildConfigurationList = A4B01EA32504274300B9B2EA /* Build configuration list for PBXNativeTarget "BREAKDOWNUITests" */;
			buildPhases = (
				A4B01E902504274300B9B2EA /* Sources */,
				A4B01E912504274300B9B2EA /* Frameworks */,
				A4B01E922504274300B9B2EA /* Resources */,
			);
			buildRules = (
			);
			dependencies = (
				A4B01E962504274300B9B2EA /* PBXTargetDependency */,
			);
			name = BREAKDOWNUITests;
			productName = BREAKDOWNUITests;
			productReference = A4B01E942504274300B9B2EA /* BREAKDOWNUITests.xctest */;
			productType = "com.apple.product-type.bundle.ui-testing";
		};
/* End PBXNativeTarget section */

/* Begin PBXProject section */
		A4B01E682504274200B9B2EA /* Project object */ = {
			isa = PBXProject;
			attributes = {
				LastSwiftUpdateCheck = 1160;
				LastUpgradeCheck = 1160;
				ORGANIZATIONNAME = "kristy martinez";
				TargetAttributes = {
					A4B01E6F2504274200B9B2EA = {
						CreatedOnToolsVersion = 11.6;
					};
					A4B01E882504274300B9B2EA = {
						CreatedOnToolsVersion = 11.6;
						TestTargetID = A4B01E6F2504274200B9B2EA;
					};
					A4B01E932504274300B9B2EA = {
						CreatedOnToolsVersion = 11.6;
						TestTargetID = A4B01E6F2504274200B9B2EA;
					};
				};
			};
			buildConfigurationList = A4B01E6B2504274200B9B2EA /* Build configuration list for PBXProject "BREAKDOWN" */;
			compatibilityVersion = "Xcode 9.3";
			developmentRegion = en;
			hasScannedForEncodings = 0;
			knownRegions = (
				en,
				Base,
			);
			mainGroup = A4B01E672504274200B9B2EA;
			productRefGroup = A4B01E712504274200B9B2EA /* Products */;
			projectDirPath = "";
			projectRoot = "";
			targets = (
				A4B01E6F2504274200B9B2EA /* BREAKDOWN */,
				A4B01E882504274300B9B2EA /* BREAKDOWNTests */,
				A4B01E932504274300B9B2EA /* BREAKDOWNUITests */,
			);
		};
/* End PBXProject section */

/* Begin PBXResourcesBuildPhase section */
		A4B01E6E2504274200B9B2EA /* Resources */ = {
			isa = PBXResourcesBuildPhase;
			buildActionMask = 2147483647;
			files = (
				A4ED197B25047D410052AD29 /* Main.storyboard in Resources */,
				A41DD2E12505573600876023 /* SilomBol.ttf in Resources */,
				A4B01E832504274300B9B2EA /* LaunchScreen.storyboard in Resources */,
				A4B01E802504274300B9B2EA /* Assets.xcassets in Resources */,
				A400A25725060090009BF9EE /* DELETE THIS PLEASE in Resources */,
				A41DD2E52505573C00876023 /* ice_pixel-7.ttf in Resources */,
			);
			runOnlyForDeploymentPostprocessing = 0;
		};
		A4B01E872504274300B9B2EA /* Resources */ = {
			isa = PBXResourcesBuildPhase;
			buildActionMask = 2147483647;
			files = (
				A41DD2E22505573600876023 /* SilomBol.ttf in Resources */,
				A41DD2E62505573C00876023 /* ice_pixel-7.ttf in Resources */,
			);
			runOnlyForDeploymentPostprocessing = 0;
		};
		A4B01E922504274300B9B2EA /* Resources */ = {
			isa = PBXResourcesBuildPhase;
			buildActionMask = 2147483647;
			files = (
				A41DD2E32505573600876023 /* SilomBol.ttf in Resources */,
				A41DD2E72505573C00876023 /* ice_pixel-7.ttf in Resources */,
			);
			runOnlyForDeploymentPostprocessing = 0;
		};
/* End PBXResourcesBuildPhase section */

/* Begin PBXSourcesBuildPhase section */
		A4B01E6C2504274200B9B2EA /* Sources */ = {
			isa = PBXSourcesBuildPhase;
			buildActionMask = 2147483647;
			files = (
				A4ED1969250432C60052AD29 /* StorySlide1ViewController.swift in Sources */,
				A4ED1971250470D60052AD29 /* JohnsonNameViewController.swift in Sources */,
				A400A2552505F43A009BF9EE /* JohnsonSchoolViewController.swift in Sources */,
				A49B9A092505CA3700089762 /* JohnsonDInnerViewController.swift in Sources */,
				A4ED196D25044D570052AD29 /* AboutUsViewController.swift in Sources */,
				A400A24D2505EAE3009BF9EE /* JohnsonEndViewController.swift in Sources */,
				A4B01E782504274200B9B2EA /* ViewController.swift in Sources */,
				A49B9A052505C65000089762 /* JohnsonTiredViewController.swift in Sources */,
				A49B9A0F2505CF7600089762 /* BedWrongViewController.swift in Sources */,
				A49B9A012505BEA000089762 /* JohnsonSchoolWrongViewController.swift in Sources */,
				A4ED196B25044D480052AD29 /* ResourcesViewController.swift in Sources */,
				A49B99F92505B17B00089762 /* KitchenJohnsonViewController.swift in Sources */,
				A4B01E742504274200B9B2EA /* AppDelegate.swift in Sources */,
				A49B99FF2505BA8C00089762 /* JohnsonSchoolViewController.swift in Sources */,
				A49B9A0B2505CCDA00089762 /* JohnsonDinnerWrongViewController.swift in Sources */,
				A49B9A0D2505CE4D00089762 /* JohnsonReadyBedViewController.swift in Sources */,
				A400A2532505F21B009BF9EE /* PLEASEWORKViewController.swift in Sources */,
				A4B01E762504274200B9B2EA /* SceneDelegate.swift in Sources */,
				A49B9A032505C1E100089762 /* JohnsonHomeworkViewController.swift in Sources */,
				A48E9D2A25042AFE00C73AA2 /* UIView+Extension.swift in Sources */,
				A41DD2DA2505522C00876023 /* JohnsonBeginViewController.swift in Sources */,
				A4B01E7E2504274200B9B2EA /* BREAKDOWN.xcdatamodeld in Sources */,
				A4ED197F2504822A0052AD29 /* JohnsonIntroViewController.swift in Sources */,
				A45A9CF525042DA5001C57FE /* Constants.swift in Sources */,
				A49B9A072505C89A00089762 /* JohnsonTIredWrongViewController.swift in Sources */,
				A49B99FB2505B6F400089762 /* JohnsonKitchenWrongViewController.swift in Sources */,
			);
			runOnlyForDeploymentPostprocessing = 0;
		};
		A4B01E852504274300B9B2EA /* Sources */ = {
			isa = PBXSourcesBuildPhase;
			buildActionMask = 2147483647;
			files = (
				A4B01E8E2504274300B9B2EA /* BREAKDOWNTests.swift in Sources */,
			);
			runOnlyForDeploymentPostprocessing = 0;
		};
		A4B01E902504274300B9B2EA /* Sources */ = {
			isa = PBXSourcesBuildPhase;
			buildActionMask = 2147483647;
			files = (
				A4B01E992504274300B9B2EA /* BREAKDOWNUITests.swift in Sources */,
			);
			runOnlyForDeploymentPostprocessing = 0;
		};
/* End PBXSourcesBuildPhase section */

/* Begin PBXTargetDependency section */
		A4B01E8B2504274300B9B2EA /* PBXTargetDependency */ = {
			isa = PBXTargetDependency;
			target = A4B01E6F2504274200B9B2EA /* BREAKDOWN */;
			targetProxy = A4B01E8A2504274300B9B2EA /* PBXContainerItemProxy */;
		};
		A4B01E962504274300B9B2EA /* PBXTargetDependency */ = {
			isa = PBXTargetDependency;
			target = A4B01E6F2504274200B9B2EA /* BREAKDOWN */;
			targetProxy = A4B01E952504274300B9B2EA /* PBXContainerItemProxy */;
		};
/* End PBXTargetDependency section */

/* Begin PBXVariantGroup section */
		A4B01E812504274300B9B2EA /* LaunchScreen.storyboard */ = {
			isa = PBXVariantGroup;
			children = (
				A4B01E822504274300B9B2EA /* Base */,
			);
			name = LaunchScreen.storyboard;
			sourceTree = "<group>";
		};
		A4ED197925047D410052AD29 /* Main.storyboard */ = {
			isa = PBXVariantGroup;
			children = (
				A4ED197A25047D410052AD29 /* Base */,
			);
			name = Main.storyboard;
			sourceTree = "<group>";
		};
/* End PBXVariantGroup section */

/* Begin XCBuildConfiguration section */
		A4B01E9B2504274300B9B2EA /* Debug */ = {
			isa = XCBuildConfiguration;
			buildSettings = {
				ALWAYS_SEARCH_USER_PATHS = NO;
				CLANG_ANALYZER_NONNULL = YES;
				CLANG_ANALYZER_NUMBER_OBJECT_CONVERSION = YES_AGGRESSIVE;
				CLANG_CXX_LANGUAGE_STANDARD = "gnu++14";
				CLANG_CXX_LIBRARY = "libc++";
				CLANG_ENABLE_MODULES = YES;
				CLANG_ENABLE_OBJC_ARC = YES;
				CLANG_ENABLE_OBJC_WEAK = YES;
				CLANG_WARN_BLOCK_CAPTURE_AUTORELEASING = YES;
				CLANG_WARN_BOOL_CONVERSION = YES;
				CLANG_WARN_COMMA = YES;
				CLANG_WARN_CONSTANT_CONVERSION = YES;
				CLANG_WARN_DEPRECATED_OBJC_IMPLEMENTATIONS = YES;
				CLANG_WARN_DIRECT_OBJC_ISA_USAGE = YES_ERROR;
				CLANG_WARN_DOCUMENTATION_COMMENTS = YES;
				CLANG_WARN_EMPTY_BODY = YES;
				CLANG_WARN_ENUM_CONVERSION = YES;
				CLANG_WARN_INFINITE_RECURSION = YES;
				CLANG_WARN_INT_CONVERSION = YES;
				CLANG_WARN_NON_LITERAL_NULL_CONVERSION = YES;
				CLANG_WARN_OBJC_IMPLICIT_RETAIN_SELF = YES;
				CLANG_WARN_OBJC_LITERAL_CONVERSION = YES;
				CLANG_WARN_OBJC_ROOT_CLASS = YES_ERROR;
				CLANG_WARN_RANGE_LOOP_ANALYSIS = YES;
				CLANG_WARN_STRICT_PROTOTYPES = YES;
				CLANG_WARN_SUSPICIOUS_MOVE = YES;
				CLANG_WARN_UNGUARDED_AVAILABILITY = YES_AGGRESSIVE;
				CLANG_WARN_UNREACHABLE_CODE = YES;
				CLANG_WARN__DUPLICATE_METHOD_MATCH = YES;
				COPY_PHASE_STRIP = NO;
				DEBUG_INFORMATION_FORMAT = dwarf;
				ENABLE_STRICT_OBJC_MSGSEND = YES;
				ENABLE_TESTABILITY = YES;
				GCC_C_LANGUAGE_STANDARD = gnu11;
				GCC_DYNAMIC_NO_PIC = NO;
				GCC_NO_COMMON_BLOCKS = YES;
				GCC_OPTIMIZATION_LEVEL = 0;
				GCC_PREPROCESSOR_DEFINITIONS = (
					"DEBUG=1",
					"$(inherited)",
				);
				GCC_WARN_64_TO_32_BIT_CONVERSION = YES;
				GCC_WARN_ABOUT_RETURN_TYPE = YES_ERROR;
				GCC_WARN_UNDECLARED_SELECTOR = YES;
				GCC_WARN_UNINITIALIZED_AUTOS = YES_AGGRESSIVE;
				GCC_WARN_UNUSED_FUNCTION = YES;
				GCC_WARN_UNUSED_VARIABLE = YES;
				IPHONEOS_DEPLOYMENT_TARGET = 13.6;
				MTL_ENABLE_DEBUG_INFO = INCLUDE_SOURCE;
				MTL_FAST_MATH = YES;
				ONLY_ACTIVE_ARCH = YES;
				SDKROOT = iphoneos;
				SWIFT_ACTIVE_COMPILATION_CONDITIONS = DEBUG;
				SWIFT_OPTIMIZATION_LEVEL = "-Onone";
			};
			name = Debug;
		};
		A4B01E9C2504274300B9B2EA /* Release */ = {
			isa = XCBuildConfiguration;
			buildSettings = {
				ALWAYS_SEARCH_USER_PATHS = NO;
				CLANG_ANALYZER_NONNULL = YES;
				CLANG_ANALYZER_NUMBER_OBJECT_CONVERSION = YES_AGGRESSIVE;
				CLANG_CXX_LANGUAGE_STANDARD = "gnu++14";
				CLANG_CXX_LIBRARY = "libc++";
				CLANG_ENABLE_MODULES = YES;
				CLANG_ENABLE_OBJC_ARC = YES;
				CLANG_ENABLE_OBJC_WEAK = YES;
				CLANG_WARN_BLOCK_CAPTURE_AUTORELEASING = YES;
				CLANG_WARN_BOOL_CONVERSION = YES;
				CLANG_WARN_COMMA = YES;
				CLANG_WARN_CONSTANT_CONVERSION = YES;
				CLANG_WARN_DEPRECATED_OBJC_IMPLEMENTATIONS = YES;
				CLANG_WARN_DIRECT_OBJC_ISA_USAGE = YES_ERROR;
				CLANG_WARN_DOCUMENTATION_COMMENTS = YES;
				CLANG_WARN_EMPTY_BODY = YES;
				CLANG_WARN_ENUM_CONVERSION = YES;
				CLANG_WARN_INFINITE_RECURSION = YES;
				CLANG_WARN_INT_CONVERSION = YES;
				CLANG_WARN_NON_LITERAL_NULL_CONVERSION = YES;
				CLANG_WARN_OBJC_IMPLICIT_RETAIN_SELF = YES;
				CLANG_WARN_OBJC_LITERAL_CONVERSION = YES;
				CLANG_WARN_OBJC_ROOT_CLASS = YES_ERROR;
				CLANG_WARN_RANGE_LOOP_ANALYSIS = YES;
				CLANG_WARN_STRICT_PROTOTYPES = YES;
				CLANG_WARN_SUSPICIOUS_MOVE = YES;
				CLANG_WARN_UNGUARDED_AVAILABILITY = YES_AGGRESSIVE;
				CLANG_WARN_UNREACHABLE_CODE = YES;
				CLANG_WARN__DUPLICATE_METHOD_MATCH = YES;
				COPY_PHASE_STRIP = NO;
				DEBUG_INFORMATION_FORMAT = "dwarf-with-dsym";
				ENABLE_NS_ASSERTIONS = NO;
				ENABLE_STRICT_OBJC_MSGSEND = YES;
				GCC_C_LANGUAGE_STANDARD = gnu11;
				GCC_NO_COMMON_BLOCKS = YES;
				GCC_WARN_64_TO_32_BIT_CONVERSION = YES;
				GCC_WARN_ABOUT_RETURN_TYPE = YES_ERROR;
				GCC_WARN_UNDECLARED_SELECTOR = YES;
				GCC_WARN_UNINITIALIZED_AUTOS = YES_AGGRESSIVE;
				GCC_WARN_UNUSED_FUNCTION = YES;
				GCC_WARN_UNUSED_VARIABLE = YES;
				IPHONEOS_DEPLOYMENT_TARGET = 13.6;
				MTL_ENABLE_DEBUG_INFO = NO;
				MTL_FAST_MATH = YES;
				SDKROOT = iphoneos;
				SWIFT_COMPILATION_MODE = wholemodule;
				SWIFT_OPTIMIZATION_LEVEL = "-O";
				VALIDATE_PRODUCT = YES;
			};
			name = Release;
		};
		A4B01E9E2504274300B9B2EA /* Debug */ = {
			isa = XCBuildConfiguration;
			buildSettings = {
				ASSETCATALOG_COMPILER_APPICON_NAME = AppIcon;
				CODE_SIGN_STYLE = Automatic;
				INFOPLIST_FILE = BREAKDOWN/Info.plist;
				LD_RUNPATH_SEARCH_PATHS = (
					"$(inherited)",
					"@executable_path/Frameworks",
				);
				PRODUCT_BUNDLE_IDENTIFIER = kristy.BREAKDOWN;
				PRODUCT_NAME = "$(TARGET_NAME)";
				SWIFT_VERSION = 5.0;
				TARGETED_DEVICE_FAMILY = "1,2";
			};
			name = Debug;
		};
		A4B01E9F2504274300B9B2EA /* Release */ = {
			isa = XCBuildConfiguration;
			buildSettings = {
				ASSETCATALOG_COMPILER_APPICON_NAME = AppIcon;
				CODE_SIGN_STYLE = Automatic;
				INFOPLIST_FILE = BREAKDOWN/Info.plist;
				LD_RUNPATH_SEARCH_PATHS = (
					"$(inherited)",
					"@executable_path/Frameworks",
				);
				PRODUCT_BUNDLE_IDENTIFIER = kristy.BREAKDOWN;
				PRODUCT_NAME = "$(TARGET_NAME)";
				SWIFT_VERSION = 5.0;
				TARGETED_DEVICE_FAMILY = "1,2";
			};
			name = Release;
		};
		A4B01EA12504274300B9B2EA /* Debug */ = {
			isa = XCBuildConfiguration;
			buildSettings = {
				ALWAYS_EMBED_SWIFT_STANDARD_LIBRARIES = YES;
				BUNDLE_LOADER = "$(TEST_HOST)";
				CODE_SIGN_STYLE = Automatic;
				INFOPLIST_FILE = BREAKDOWNTests/Info.plist;
				IPHONEOS_DEPLOYMENT_TARGET = 13.6;
				LD_RUNPATH_SEARCH_PATHS = (
					"$(inherited)",
					"@executable_path/Frameworks",
					"@loader_path/Frameworks",
				);
				PRODUCT_BUNDLE_IDENTIFIER = kristy.BREAKDOWNTests;
				PRODUCT_NAME = "$(TARGET_NAME)";
				SWIFT_VERSION = 5.0;
				TARGETED_DEVICE_FAMILY = "1,2";
				TEST_HOST = "$(BUILT_PRODUCTS_DIR)/BREAKDOWN.app/BREAKDOWN";
			};
			name = Debug;
		};
		A4B01EA22504274300B9B2EA /* Release */ = {
			isa = XCBuildConfiguration;
			buildSettings = {
				ALWAYS_EMBED_SWIFT_STANDARD_LIBRARIES = YES;
				BUNDLE_LOADER = "$(TEST_HOST)";
				CODE_SIGN_STYLE = Automatic;
				INFOPLIST_FILE = BREAKDOWNTests/Info.plist;
				IPHONEOS_DEPLOYMENT_TARGET = 13.6;
				LD_RUNPATH_SEARCH_PATHS = (
					"$(inherited)",
					"@executable_path/Frameworks",
					"@loader_path/Frameworks",
				);
				PRODUCT_BUNDLE_IDENTIFIER = kristy.BREAKDOWNTests;
				PRODUCT_NAME = "$(TARGET_NAME)";
				SWIFT_VERSION = 5.0;
				TARGETED_DEVICE_FAMILY = "1,2";
				TEST_HOST = "$(BUILT_PRODUCTS_DIR)/BREAKDOWN.app/BREAKDOWN";
			};
			name = Release;
		};
		A4B01EA42504274300B9B2EA /* Debug */ = {
			isa = XCBuildConfiguration;
			buildSettings = {
				ALWAYS_EMBED_SWIFT_STANDARD_LIBRARIES = YES;
				CODE_SIGN_STYLE = Automatic;
				INFOPLIST_FILE = BREAKDOWNUITests/Info.plist;
				LD_RUNPATH_SEARCH_PATHS = (
					"$(inherited)",
					"@executable_path/Frameworks",
					"@loader_path/Frameworks",
				);
				PRODUCT_BUNDLE_IDENTIFIER = kristy.BREAKDOWNUITests;
				PRODUCT_NAME = "$(TARGET_NAME)";
				SWIFT_VERSION = 5.0;
				TARGETED_DEVICE_FAMILY = "1,2";
				TEST_TARGET_NAME = BREAKDOWN;
			};
			name = Debug;
		};
		A4B01EA52504274300B9B2EA /* Release */ = {
			isa = XCBuildConfiguration;
			buildSettings = {
				ALWAYS_EMBED_SWIFT_STANDARD_LIBRARIES = YES;
				CODE_SIGN_STYLE = Automatic;
				INFOPLIST_FILE = BREAKDOWNUITests/Info.plist;
				LD_RUNPATH_SEARCH_PATHS = (
					"$(inherited)",
					"@executable_path/Frameworks",
					"@loader_path/Frameworks",
				);
				PRODUCT_BUNDLE_IDENTIFIER = kristy.BREAKDOWNUITests;
				PRODUCT_NAME = "$(TARGET_NAME)";
				SWIFT_VERSION = 5.0;
				TARGETED_DEVICE_FAMILY = "1,2";
				TEST_TARGET_NAME = BREAKDOWN;
			};
			name = Release;
		};
/* End XCBuildConfiguration section */

/* Begin XCConfigurationList section */
		A4B01E6B2504274200B9B2EA /* Build configuration list for PBXProject "BREAKDOWN" */ = {
			isa = XCConfigurationList;
			buildConfigurations = (
				A4B01E9B2504274300B9B2EA /* Debug */,
				A4B01E9C2504274300B9B2EA /* Release */,
			);
			defaultConfigurationIsVisible = 0;
			defaultConfigurationName = Release;
		};
		A4B01E9D2504274300B9B2EA /* Build configuration list for PBXNativeTarget "BREAKDOWN" */ = {
			isa = XCConfigurationList;
			buildConfigurations = (
				A4B01E9E2504274300B9B2EA /* Debug */,
				A4B01E9F2504274300B9B2EA /* Release */,
			);
			defaultConfigurationIsVisible = 0;
			defaultConfigurationName = Release;
		};
		A4B01EA02504274300B9B2EA /* Build configuration list for PBXNativeTarget "BREAKDOWNTests" */ = {
			isa = XCConfigurationList;
			buildConfigurations = (
				A4B01EA12504274300B9B2EA /* Debug */,
				A4B01EA22504274300B9B2EA /* Release */,
			);
			defaultConfigurationIsVisible = 0;
			defaultConfigurationName = Release;
		};
		A4B01EA32504274300B9B2EA /* Build configuration list for PBXNativeTarget "BREAKDOWNUITests" */ = {
			isa = XCConfigurationList;
			buildConfigurations = (
				A4B01EA42504274300B9B2EA /* Debug */,
				A4B01EA52504274300B9B2EA /* Release */,
			);
			defaultConfigurationIsVisible = 0;
			defaultConfigurationName = Release;
		};
/* End XCConfigurationList section */

/* Begin XCVersionGroup section */
		A4B01E7C2504274200B9B2EA /* BREAKDOWN.xcdatamodeld */ = {
			isa = XCVersionGroup;
			children = (
				A4B01E7D2504274200B9B2EA /* BREAKDOWN.xcdatamodel */,
			);
			currentVersion = A4B01E7D2504274200B9B2EA /* BREAKDOWN.xcdatamodel */;
			path = BREAKDOWN.xcdatamodeld;
			sourceTree = "<group>";
			versionGroupType = wrapper.xcdatamodel;
		};
/* End XCVersionGroup section */
	};
	rootObject = A4B01E682504274200B9B2EA /* Project object */;
}
